// !$*UTF8*$!
{
	archiveVersion = 1;
	classes = {
	};
	objectVersion = 50;
	objects = {

/* Begin PBXBuildFile section */
		B5049BCE24508FC20092FEB6 /* SpinnerViewController.swift in Sources */ = {isa = PBXBuildFile; fileRef = B5049BCD24508FC20092FEB6 /* SpinnerViewController.swift */; };
		B5308054244F43AA006BF4D8 /* AppDelegate.swift in Sources */ = {isa = PBXBuildFile; fileRef = B5308053244F43AA006BF4D8 /* AppDelegate.swift */; };
		B5308056244F43AA006BF4D8 /* SceneDelegate.swift in Sources */ = {isa = PBXBuildFile; fileRef = B5308055244F43AA006BF4D8 /* SceneDelegate.swift */; };
		B5308058244F43AA006BF4D8 /* UserViewController.swift in Sources */ = {isa = PBXBuildFile; fileRef = B5308057244F43AA006BF4D8 /* UserViewController.swift */; };
		B530805B244F43AA006BF4D8 /* Main.storyboard in Resources */ = {isa = PBXBuildFile; fileRef = B5308059244F43AA006BF4D8 /* Main.storyboard */; };
		B530805E244F43AA006BF4D8 /* MD5_algoritm.xcdatamodeld in Sources */ = {isa = PBXBuildFile; fileRef = B530805C244F43AA006BF4D8 /* MD5_algoritm.xcdatamodeld */; };
		B5308060244F43AC006BF4D8 /* Assets.xcassets in Resources */ = {isa = PBXBuildFile; fileRef = B530805F244F43AC006BF4D8 /* Assets.xcassets */; };
		B5308063244F43AC006BF4D8 /* LaunchScreen.storyboard in Resources */ = {isa = PBXBuildFile; fileRef = B5308061244F43AC006BF4D8 /* LaunchScreen.storyboard */; };
		B5308077244F496C006BF4D8 /* data.json in Resources */ = {isa = PBXBuildFile; fileRef = B5308076244F496C006BF4D8 /* data.json */; };
		B530807C244F4ADA006BF4D8 /* Role+CoreDataClass.swift in Sources */ = {isa = PBXBuildFile; fileRef = B5308078244F4ADA006BF4D8 /* Role+CoreDataClass.swift */; };
		B530807D244F4ADA006BF4D8 /* Role+CoreDataProperties.swift in Sources */ = {isa = PBXBuildFile; fileRef = B5308079244F4ADA006BF4D8 /* Role+CoreDataProperties.swift */; };
		B530807E244F4ADA006BF4D8 /* LoginModel+CoreDataClass.swift in Sources */ = {isa = PBXBuildFile; fileRef = B530807A244F4ADA006BF4D8 /* LoginModel+CoreDataClass.swift */; };
		B530807F244F4ADA006BF4D8 /* LoginModel+CoreDataProperties.swift in Sources */ = {isa = PBXBuildFile; fileRef = B530807B244F4ADA006BF4D8 /* LoginModel+CoreDataProperties.swift */; };
		B5308081244F4BCD006BF4D8 /* UsersTableViewController.swift in Sources */ = {isa = PBXBuildFile; fileRef = B5308080244F4BCD006BF4D8 /* UsersTableViewController.swift */; };
		B5308085244F4C54006BF4D8 /* UserTableViewCell.swift in Sources */ = {isa = PBXBuildFile; fileRef = B5308083244F4C54006BF4D8 /* UserTableViewCell.swift */; };
		B5308086244F4C54006BF4D8 /* UserTableViewCell.xib in Resources */ = {isa = PBXBuildFile; fileRef = B5308084244F4C54006BF4D8 /* UserTableViewCell.xib */; };
		B5308088244F665C006BF4D8 /* Constants.swift in Sources */ = {isa = PBXBuildFile; fileRef = B5308087244F665C006BF4D8 /* Constants.swift */; };
		B530808B244F6B84006BF4D8 /* URLSesstion.swift in Sources */ = {isa = PBXBuildFile; fileRef = B530808A244F6B84006BF4D8 /* URLSesstion.swift */; };
		B530808F244F6D6D006BF4D8 /* DataWrapper.swift in Sources */ = {isa = PBXBuildFile; fileRef = B530808E244F6D6D006BF4D8 /* DataWrapper.swift */; };
		B5308091244F704A006BF4D8 /* ErrorAlertView.swift in Sources */ = {isa = PBXBuildFile; fileRef = B5308090244F704A006BF4D8 /* ErrorAlertView.swift */; };
		B5308093244F7211006BF4D8 /* loginModelCodable.swift in Sources */ = {isa = PBXBuildFile; fileRef = B5308092244F7211006BF4D8 /* loginModelCodable.swift */; };
		B5308096244F728B006BF4D8 /* FacadeAPI.swift in Sources */ = {isa = PBXBuildFile; fileRef = B5308095244F728B006BF4D8 /* FacadeAPI.swift */; };
		B5308099244F7597006BF4D8 /* SerializationManager.swift in Sources */ = {isa = PBXBuildFile; fileRef = B5308098244F7597006BF4D8 /* SerializationManager.swift */; };
		B53907302450D05100E64EFA /* CoreDataAPI.swift in Sources */ = {isa = PBXBuildFile; fileRef = B539072F2450D05100E64EFA /* CoreDataAPI.swift */; };
		B53907332450D4F500E64EFA /* MD5.swift in Sources */ = {isa = PBXBuildFile; fileRef = B53907322450D4F500E64EFA /* MD5.swift */; };
		B53907372450D57300E64EFA /* String + Extensions.swift in Sources */ = {isa = PBXBuildFile; fileRef = B53907362450D57300E64EFA /* String + Extensions.swift */; };
		B53907392450D5CC00E64EFA /* Data + Extensions.swift in Sources */ = {isa = PBXBuildFile; fileRef = B53907382450D5CC00E64EFA /* Data + Extensions.swift */; };
/* End PBXBuildFile section */

/* Begin PBXFileReference section */
		B5049BCD24508FC20092FEB6 /* SpinnerViewController.swift */ = {isa = PBXFileReference; lastKnownFileType = sourcecode.swift; path = SpinnerViewController.swift; sourceTree = "<group>"; };
		B5308050244F43AA006BF4D8 /* MD5 algoritm.app */ = {isa = PBXFileReference; explicitFileType = wrapper.application; includeInIndex = 0; path = "MD5 algoritm.app"; sourceTree = BUILT_PRODUCTS_DIR; };
		B5308053244F43AA006BF4D8 /* AppDelegate.swift */ = {isa = PBXFileReference; lastKnownFileType = sourcecode.swift; path = AppDelegate.swift; sourceTree = "<group>"; };
		B5308055244F43AA006BF4D8 /* SceneDelegate.swift */ = {isa = PBXFileReference; lastKnownFileType = sourcecode.swift; path = SceneDelegate.swift; sourceTree = "<group>"; };
		B5308057244F43AA006BF4D8 /* UserViewController.swift */ = {isa = PBXFileReference; lastKnownFileType = sourcecode.swift; path = UserViewController.swift; sourceTree = "<group>"; };
		B530805A244F43AA006BF4D8 /* Base */ = {isa = PBXFileReference; lastKnownFileType = file.storyboard; name = Base; path = Base.lproj/Main.storyboard; sourceTree = "<group>"; };
		B530805D244F43AA006BF4D8 /* MD5_algoritm.xcdatamodel */ = {isa = PBXFileReference; lastKnownFileType = wrapper.xcdatamodel; path = MD5_algoritm.xcdatamodel; sourceTree = "<group>"; };
		B530805F244F43AC006BF4D8 /* Assets.xcassets */ = {isa = PBXFileReference; lastKnownFileType = folder.assetcatalog; path = Assets.xcassets; sourceTree = "<group>"; };
		B5308062244F43AC006BF4D8 /* Base */ = {isa = PBXFileReference; lastKnownFileType = file.storyboard; name = Base; path = Base.lproj/LaunchScreen.storyboard; sourceTree = "<group>"; };
		B5308064244F43AC006BF4D8 /* Info.plist */ = {isa = PBXFileReference; lastKnownFileType = text.plist.xml; path = Info.plist; sourceTree = "<group>"; };
		B5308076244F496C006BF4D8 /* data.json */ = {isa = PBXFileReference; lastKnownFileType = text.json; path = data.json; sourceTree = "<group>"; };
		B5308078244F4ADA006BF4D8 /* Role+CoreDataClass.swift */ = {isa = PBXFileReference; lastKnownFileType = sourcecode.swift; path = "Role+CoreDataClass.swift"; sourceTree = "<group>"; };
		B5308079244F4ADA006BF4D8 /* Role+CoreDataProperties.swift */ = {isa = PBXFileReference; lastKnownFileType = sourcecode.swift; path = "Role+CoreDataProperties.swift"; sourceTree = "<group>"; };
		B530807A244F4ADA006BF4D8 /* LoginModel+CoreDataClass.swift */ = {isa = PBXFileReference; lastKnownFileType = sourcecode.swift; path = "LoginModel+CoreDataClass.swift"; sourceTree = "<group>"; };
		B530807B244F4ADA006BF4D8 /* LoginModel+CoreDataProperties.swift */ = {isa = PBXFileReference; lastKnownFileType = sourcecode.swift; path = "LoginModel+CoreDataProperties.swift"; sourceTree = "<group>"; };
		B5308080244F4BCD006BF4D8 /* UsersTableViewController.swift */ = {isa = PBXFileReference; lastKnownFileType = sourcecode.swift; path = UsersTableViewController.swift; sourceTree = "<group>"; };
		B5308083244F4C54006BF4D8 /* UserTableViewCell.swift */ = {isa = PBXFileReference; lastKnownFileType = sourcecode.swift; path = UserTableViewCell.swift; sourceTree = "<group>"; };
		B5308084244F4C54006BF4D8 /* UserTableViewCell.xib */ = {isa = PBXFileReference; lastKnownFileType = file.xib; path = UserTableViewCell.xib; sourceTree = "<group>"; };
		B5308087244F665C006BF4D8 /* Constants.swift */ = {isa = PBXFileReference; lastKnownFileType = sourcecode.swift; path = Constants.swift; sourceTree = "<group>"; };
		B530808A244F6B84006BF4D8 /* URLSesstion.swift */ = {isa = PBXFileReference; lastKnownFileType = sourcecode.swift; path = URLSesstion.swift; sourceTree = "<group>"; };
		B530808E244F6D6D006BF4D8 /* DataWrapper.swift */ = {isa = PBXFileReference; lastKnownFileType = sourcecode.swift; path = DataWrapper.swift; sourceTree = "<group>"; };
		B5308090244F704A006BF4D8 /* ErrorAlertView.swift */ = {isa = PBXFileReference; lastKnownFileType = sourcecode.swift; path = ErrorAlertView.swift; sourceTree = "<group>"; };
		B5308092244F7211006BF4D8 /* loginModelCodable.swift */ = {isa = PBXFileReference; lastKnownFileType = sourcecode.swift; path = loginModelCodable.swift; sourceTree = "<group>"; };
		B5308095244F728B006BF4D8 /* FacadeAPI.swift */ = {isa = PBXFileReference; lastKnownFileType = sourcecode.swift; path = FacadeAPI.swift; sourceTree = "<group>"; };
		B5308098244F7597006BF4D8 /* SerializationManager.swift */ = {isa = PBXFileReference; lastKnownFileType = sourcecode.swift; path = SerializationManager.swift; sourceTree = "<group>"; };
		B539072F2450D05100E64EFA /* CoreDataAPI.swift */ = {isa = PBXFileReference; lastKnownFileType = sourcecode.swift; path = CoreDataAPI.swift; sourceTree = "<group>"; };
		B53907322450D4F500E64EFA /* MD5.swift */ = {isa = PBXFileReference; lastKnownFileType = sourcecode.swift; path = MD5.swift; sourceTree = "<group>"; };
		B53907362450D57300E64EFA /* String + Extensions.swift */ = {isa = PBXFileReference; lastKnownFileType = sourcecode.swift; path = "String + Extensions.swift"; sourceTree = "<group>"; };
		B53907382450D5CC00E64EFA /* Data + Extensions.swift */ = {isa = PBXFileReference; lastKnownFileType = sourcecode.swift; path = "Data + Extensions.swift"; sourceTree = "<group>"; };
/* End PBXFileReference section */

/* Begin PBXFrameworksBuildPhase section */
		B530804D244F43AA006BF4D8 /* Frameworks */ = {
			isa = PBXFrameworksBuildPhase;
			buildActionMask = 2147483647;
			files = (
			);
			runOnlyForDeploymentPostprocessing = 0;
		};
/* End PBXFrameworksBuildPhase section */

/* Begin PBXGroup section */
		B5049BCC24508F9B0092FEB6 /* CustomViews */ = {
			isa = PBXGroup;
			children = (
				B5049BCD24508FC20092FEB6 /* SpinnerViewController.swift */,
			);
			path = CustomViews;
			sourceTree = "<group>";
		};
		B5308047244F43AA006BF4D8 = {
			isa = PBXGroup;
			children = (
				B5308052244F43AA006BF4D8 /* MD5 algoritm */,
				B5308051244F43AA006BF4D8 /* Products */,
			);
			sourceTree = "<group>";
		};
		B5308051244F43AA006BF4D8 /* Products */ = {
			isa = PBXGroup;
			children = (
				B5308050244F43AA006BF4D8 /* MD5 algoritm.app */,
			);
			name = Products;
			sourceTree = "<group>";
		};
		B5308052244F43AA006BF4D8 /* MD5 algoritm */ = {
			isa = PBXGroup;
			children = (
				B53907352450D55E00E64EFA /* Extensions */,
				B5049BCC24508F9B0092FEB6 /* CustomViews */,
				B530808C244F6D23006BF4D8 /* Base */,
				B5308082244F4C35006BF4D8 /* CustomCells */,
				B5308075244F4740006BF4D8 /* Delegates */,
				B5308074244F472E006BF4D8 /* ViewControllers */,
				B5308073244F4707006BF4D8 /* Model */,
				B5308059244F43AA006BF4D8 /* Main.storyboard */,
				B530805F244F43AC006BF4D8 /* Assets.xcassets */,
				B5308061244F43AC006BF4D8 /* LaunchScreen.storyboard */,
				B5308064244F43AC006BF4D8 /* Info.plist */,
				B5308087244F665C006BF4D8 /* Constants.swift */,
			);
			path = "MD5 algoritm";
			sourceTree = "<group>";
		};
		B5308073244F4707006BF4D8 /* Model */ = {
			isa = PBXGroup;
			children = (
				B5308078244F4ADA006BF4D8 /* Role+CoreDataClass.swift */,
				B5308079244F4ADA006BF4D8 /* Role+CoreDataProperties.swift */,
				B530807A244F4ADA006BF4D8 /* LoginModel+CoreDataClass.swift */,
				B530807B244F4ADA006BF4D8 /* LoginModel+CoreDataProperties.swift */,
				B530805C244F43AA006BF4D8 /* MD5_algoritm.xcdatamodeld */,
				B5308076244F496C006BF4D8 /* data.json */,
				B5308092244F7211006BF4D8 /* loginModelCodable.swift */,
			);
			path = Model;
			sourceTree = "<group>";
		};
		B5308074244F472E006BF4D8 /* ViewControllers */ = {
			isa = PBXGroup;
			children = (
				B5308057244F43AA006BF4D8 /* UserViewController.swift */,
				B5308080244F4BCD006BF4D8 /* UsersTableViewController.swift */,
			);
			path = ViewControllers;
			sourceTree = "<group>";
		};
		B5308075244F4740006BF4D8 /* Delegates */ = {
			isa = PBXGroup;
			children = (
				B5308053244F43AA006BF4D8 /* AppDelegate.swift */,
				B5308055244F43AA006BF4D8 /* SceneDelegate.swift */,
			);
			path = Delegates;
			sourceTree = "<group>";
		};
		B5308082244F4C35006BF4D8 /* CustomCells */ = {
			isa = PBXGroup;
			children = (
				B5308083244F4C54006BF4D8 /* UserTableViewCell.swift */,
				B5308084244F4C54006BF4D8 /* UserTableViewCell.xib */,
			);
			path = CustomCells;
			sourceTree = "<group>";
		};
		B5308089244F6B71006BF4D8 /* Networking */ = {
			isa = PBXGroup;
			children = (
				B530808A244F6B84006BF4D8 /* URLSesstion.swift */,
			);
			path = Networking;
			sourceTree = "<group>";
		};
		B530808C244F6D23006BF4D8 /* Base */ = {
			isa = PBXGroup;
			children = (
				B53907312450D4C500E64EFA /* MD5 */,
				B539072E2450D03500E64EFA /* CoreDataAPI */,
				B5308097244F7579006BF4D8 /* SerializationManager */,
				B5308094244F727A006BF4D8 /* Facade */,
				B530808D244F6D48006BF4D8 /* ErrorHandling */,
				B5308089244F6B71006BF4D8 /* Networking */,
			);
			path = Base;
			sourceTree = "<group>";
		};
		B530808D244F6D48006BF4D8 /* ErrorHandling */ = {
			isa = PBXGroup;
			children = (
				B530808E244F6D6D006BF4D8 /* DataWrapper.swift */,
				B5308090244F704A006BF4D8 /* ErrorAlertView.swift */,
			);
			path = ErrorHandling;
			sourceTree = "<group>";
		};
		B5308094244F727A006BF4D8 /* Facade */ = {
			isa = PBXGroup;
			children = (
				B5308095244F728B006BF4D8 /* FacadeAPI.swift */,
			);
			path = Facade;
			sourceTree = "<group>";
		};
		B5308097244F7579006BF4D8 /* SerializationManager */ = {
			isa = PBXGroup;
			children = (
				B5308098244F7597006BF4D8 /* SerializationManager.swift */,
			);
			path = SerializationManager;
			sourceTree = "<group>";
		};
		B539072E2450D03500E64EFA /* CoreDataAPI */ = {
			isa = PBXGroup;
			children = (
				B539072F2450D05100E64EFA /* CoreDataAPI.swift */,
			);
			path = CoreDataAPI;
			sourceTree = "<group>";
		};
		B53907312450D4C500E64EFA /* MD5 */ = {
			isa = PBXGroup;
			children = (
				B53907322450D4F500E64EFA /* MD5.swift */,
			);
			path = MD5;
			sourceTree = "<group>";
		};
		B53907352450D55E00E64EFA /* Extensions */ = {
			isa = PBXGroup;
			children = (
				B53907362450D57300E64EFA /* String + Extensions.swift */,
				B53907382450D5CC00E64EFA /* Data + Extensions.swift */,
			);
			path = Extensions;
			sourceTree = "<group>";
		};
/* End PBXGroup section */

/* Begin PBXNativeTarget section */
		B530804F244F43AA006BF4D8 /* MD5 algoritm */ = {
			isa = PBXNativeTarget;
			buildConfigurationList = B5308067244F43AC006BF4D8 /* Build configuration list for PBXNativeTarget "MD5 algoritm" */;
			buildPhases = (
				B530804C244F43AA006BF4D8 /* Sources */,
				B530804D244F43AA006BF4D8 /* Frameworks */,
				B530804E244F43AA006BF4D8 /* Resources */,
			);
			buildRules = (
			);
			dependencies = (
			);
			name = "MD5 algoritm";
			productName = "MD5 algoritm";
			productReference = B5308050244F43AA006BF4D8 /* MD5 algoritm.app */;
			productType = "com.apple.product-type.application";
		};
/* End PBXNativeTarget section */

/* Begin PBXProject section */
		B5308048244F43AA006BF4D8 /* Project object */ = {
			isa = PBXProject;
			attributes = {
				LastSwiftUpdateCheck = 1130;
				LastUpgradeCheck = 1130;
				ORGANIZATIONNAME = "Mateo Doslic";
				TargetAttributes = {
					B530804F244F43AA006BF4D8 = {
						CreatedOnToolsVersion = 11.3;
					};
				};
			};
			buildConfigurationList = B530804B244F43AA006BF4D8 /* Build configuration list for PBXProject "MD5 algoritm" */;
			compatibilityVersion = "Xcode 9.3";
			developmentRegion = en;
			hasScannedForEncodings = 0;
			knownRegions = (
				en,
				Base,
			);
			mainGroup = B5308047244F43AA006BF4D8;
			productRefGroup = B5308051244F43AA006BF4D8 /* Products */;
			projectDirPath = "";
			projectRoot = "";
			targets = (
				B530804F244F43AA006BF4D8 /* MD5 algoritm */,
			);
		};
/* End PBXProject section */

/* Begin PBXResourcesBuildPhase section */
		B530804E244F43AA006BF4D8 /* Resources */ = {
			isa = PBXResourcesBuildPhase;
			buildActionMask = 2147483647;
			files = (
				B5308063244F43AC006BF4D8 /* LaunchScreen.storyboard in Resources */,
				B5308060244F43AC006BF4D8 /* Assets.xcassets in Resources */,
				B530805B244F43AA006BF4D8 /* Main.storyboard in Resources */,
				B5308077244F496C006BF4D8 /* data.json in Resources */,
				B5308086244F4C54006BF4D8 /* UserTableViewCell.xib in Resources */,
			);
			runOnlyForDeploymentPostprocessing = 0;
		};
/* End PBXResourcesBuildPhase section */

/* Begin PBXSourcesBuildPhase section */
		B530804C244F43AA006BF4D8 /* Sources */ = {
			isa = PBXSourcesBuildPhase;
			buildActionMask = 2147483647;
			files = (
				B5308058244F43AA006BF4D8 /* UserViewController.swift in Sources */,
				B5308088244F665C006BF4D8 /* Constants.swift in Sources */,
				B530805E244F43AA006BF4D8 /* MD5_algoritm.xcdatamodeld in Sources */,
				B53907302450D05100E64EFA /* CoreDataAPI.swift in Sources */,
				B530808B244F6B84006BF4D8 /* URLSesstion.swift in Sources */,
				B53907392450D5CC00E64EFA /* Data + Extensions.swift in Sources */,
				B5308093244F7211006BF4D8 /* loginModelCodable.swift in Sources */,
				B53907332450D4F500E64EFA /* MD5.swift in Sources */,
				B5308081244F4BCD006BF4D8 /* UsersTableViewController.swift in Sources */,
				B5308054244F43AA006BF4D8 /* AppDelegate.swift in Sources */,
				B5308085244F4C54006BF4D8 /* UserTableViewCell.swift in Sources */,
				B5308096244F728B006BF4D8 /* FacadeAPI.swift in Sources */,
				B530807F244F4ADA006BF4D8 /* LoginModel+CoreDataProperties.swift in Sources */,
				B5308091244F704A006BF4D8 /* ErrorAlertView.swift in Sources */,
				B53907372450D57300E64EFA /* String + Extensions.swift in Sources */,
				B530807D244F4ADA006BF4D8 /* Role+CoreDataProperties.swift in Sources */,
				B5308099244F7597006BF4D8 /* SerializationManager.swift in Sources */,
				B530807C244F4ADA006BF4D8 /* Role+CoreDataClass.swift in Sources */,
				B530807E244F4ADA006BF4D8 /* LoginModel+CoreDataClass.swift in Sources */,
				B5308056244F43AA006BF4D8 /* SceneDelegate.swift in Sources */,
				B5049BCE24508FC20092FEB6 /* SpinnerViewController.swift in Sources */,
				B530808F244F6D6D006BF4D8 /* DataWrapper.swift in Sources */,
			);
			runOnlyForDeploymentPostprocessing = 0;
		};
/* End PBXSourcesBuildPhase section */

/* Begin PBXVariantGroup section */
		B5308059244F43AA006BF4D8 /* Main.storyboard */ = {
			isa = PBXVariantGroup;
			children = (
				B530805A244F43AA006BF4D8 /* Base */,
			);
			name = Main.storyboard;
			sourceTree = "<group>";
		};
		B5308061244F43AC006BF4D8 /* LaunchScreen.storyboard */ = {
			isa = PBXVariantGroup;
			children = (
				B5308062244F43AC006BF4D8 /* Base */,
			);
			name = LaunchScreen.storyboard;
			sourceTree = "<group>";
		};
/* End PBXVariantGroup section */

/* Begin XCBuildConfiguration section */
		B5308065244F43AC006BF4D8 /* Debug */ = {
			isa = XCBuildConfiguration;
			buildSettings = {
				ALWAYS_SEARCH_USER_PATHS = NO;
				CLANG_ANALYZER_NONNULL = YES;
				CLANG_ANALYZER_NUMBER_OBJECT_CONVERSION = YES_AGGRESSIVE;
				CLANG_CXX_LANGUAGE_STANDARD = "gnu++14";
				CLANG_CXX_LIBRARY = "libc++";
				CLANG_ENABLE_MODULES = YES;
				CLANG_ENABLE_OBJC_ARC = YES;
				CLANG_ENABLE_OBJC_WEAK = YES;
				CLANG_WARN_BLOCK_CAPTURE_AUTORELEASING = YES;
				CLANG_WARN_BOOL_CONVERSION = YES;
				CLANG_WARN_COMMA = YES;
				CLANG_WARN_CONSTANT_CONVERSION = YES;
				CLANG_WARN_DEPRECATED_OBJC_IMPLEMENTATIONS = YES;
				CLANG_WARN_DIRECT_OBJC_ISA_USAGE = YES_ERROR;
				CLANG_WARN_DOCUMENTATION_COMMENTS = YES;
				CLANG_WARN_EMPTY_BODY = YES;
				CLANG_WARN_ENUM_CONVERSION = YES;
				CLANG_WARN_INFINITE_RECURSION = YES;
				CLANG_WARN_INT_CONVERSION = YES;
				CLANG_WARN_NON_LITERAL_NULL_CONVERSION = YES;
				CLANG_WARN_OBJC_IMPLICIT_RETAIN_SELF = YES;
				CLANG_WARN_OBJC_LITERAL_CONVERSION = YES;
				CLANG_WARN_OBJC_ROOT_CLASS = YES_ERROR;
				CLANG_WARN_RANGE_LOOP_ANALYSIS = YES;
				CLANG_WARN_STRICT_PROTOTYPES = YES;
				CLANG_WARN_SUSPICIOUS_MOVE = YES;
				CLANG_WARN_UNGUARDED_AVAILABILITY = YES_AGGRESSIVE;
				CLANG_WARN_UNREACHABLE_CODE = YES;
				CLANG_WARN__DUPLICATE_METHOD_MATCH = YES;
				COPY_PHASE_STRIP = NO;
				DEBUG_INFORMATION_FORMAT = dwarf;
				ENABLE_STRICT_OBJC_MSGSEND = YES;
				ENABLE_TESTABILITY = YES;
				GCC_C_LANGUAGE_STANDARD = gnu11;
				GCC_DYNAMIC_NO_PIC = NO;
				GCC_NO_COMMON_BLOCKS = YES;
				GCC_OPTIMIZATION_LEVEL = 0;
				GCC_PREPROCESSOR_DEFINITIONS = (
					"DEBUG=1",
					"$(inherited)",
				);
				GCC_WARN_64_TO_32_BIT_CONVERSION = YES;
				GCC_WARN_ABOUT_RETURN_TYPE = YES_ERROR;
				GCC_WARN_UNDECLARED_SELECTOR = YES;
				GCC_WARN_UNINITIALIZED_AUTOS = YES_AGGRESSIVE;
				GCC_WARN_UNUSED_FUNCTION = YES;
				GCC_WARN_UNUSED_VARIABLE = YES;
				IPHONEOS_DEPLOYMENT_TARGET = 13.2;
				MTL_ENABLE_DEBUG_INFO = INCLUDE_SOURCE;
				MTL_FAST_MATH = YES;
				ONLY_ACTIVE_ARCH = YES;
				SDKROOT = iphoneos;
				SWIFT_ACTIVE_COMPILATION_CONDITIONS = DEBUG;
				SWIFT_OPTIMIZATION_LEVEL = "-Onone";
			};
			name = Debug;
		};
		B5308066244F43AC006BF4D8 /* Release */ = {
			isa = XCBuildConfiguration;
			buildSettings = {
				ALWAYS_SEARCH_USER_PATHS = NO;
				CLANG_ANALYZER_NONNULL = YES;
				CLANG_ANALYZER_NUMBER_OBJECT_CONVERSION = YES_AGGRESSIVE;
				CLANG_CXX_LANGUAGE_STANDARD = "gnu++14";
				CLANG_CXX_LIBRARY = "libc++";
				CLANG_ENABLE_MODULES = YES;
				CLANG_ENABLE_OBJC_ARC = YES;
				CLANG_ENABLE_OBJC_WEAK = YES;
				CLANG_WARN_BLOCK_CAPTURE_AUTORELEASING = YES;
				CLANG_WARN_BOOL_CONVERSION = YES;
				CLANG_WARN_COMMA = YES;
				CLANG_WARN_CONSTANT_CONVERSION = YES;
				CLANG_WARN_DEPRECATED_OBJC_IMPLEMENTATIONS = YES;
				CLANG_WARN_DIRECT_OBJC_ISA_USAGE = YES_ERROR;
				CLANG_WARN_DOCUMENTATION_COMMENTS = YES;
				CLANG_WARN_EMPTY_BODY = YES;
				CLANG_WARN_ENUM_CONVERSION = YES;
				CLANG_WARN_INFINITE_RECURSION = YES;
				CLANG_WARN_INT_CONVERSION = YES;
				CLANG_WARN_NON_LITERAL_NULL_CONVERSION = YES;
				CLANG_WARN_OBJC_IMPLICIT_RETAIN_SELF = YES;
				CLANG_WARN_OBJC_LITERAL_CONVERSION = YES;
				CLANG_WARN_OBJC_ROOT_CLASS = YES_ERROR;
				CLANG_WARN_RANGE_LOOP_ANALYSIS = YES;
				CLANG_WARN_STRICT_PROTOTYPES = YES;
				CLANG_WARN_SUSPICIOUS_MOVE = YES;
				CLANG_WARN_UNGUARDED_AVAILABILITY = YES_AGGRESSIVE;
				CLANG_WARN_UNREACHABLE_CODE = YES;
				CLANG_WARN__DUPLICATE_METHOD_MATCH = YES;
				COPY_PHASE_STRIP = NO;
				DEBUG_INFORMATION_FORMAT = "dwarf-with-dsym";
				ENABLE_NS_ASSERTIONS = NO;
				ENABLE_STRICT_OBJC_MSGSEND = YES;
				GCC_C_LANGUAGE_STANDARD = gnu11;
				GCC_NO_COMMON_BLOCKS = YES;
				GCC_WARN_64_TO_32_BIT_CONVERSION = YES;
				GCC_WARN_ABOUT_RETURN_TYPE = YES_ERROR;
				GCC_WARN_UNDECLARED_SELECTOR = YES;
				GCC_WARN_UNINITIALIZED_AUTOS = YES_AGGRESSIVE;
				GCC_WARN_UNUSED_FUNCTION = YES;
				GCC_WARN_UNUSED_VARIABLE = YES;
				IPHONEOS_DEPLOYMENT_TARGET = 13.2;
				MTL_ENABLE_DEBUG_INFO = NO;
				MTL_FAST_MATH = YES;
				SDKROOT = iphoneos;
				SWIFT_COMPILATION_MODE = wholemodule;
				SWIFT_OPTIMIZATION_LEVEL = "-O";
				VALIDATE_PRODUCT = YES;
			};
			name = Release;
		};
		B5308068244F43AC006BF4D8 /* Debug */ = {
			isa = XCBuildConfiguration;
			buildSettings = {
				ASSETCATALOG_COMPILER_APPICON_NAME = AppIcon;
				CODE_SIGN_STYLE = Automatic;
				DEVELOPMENT_TEAM = Z29U9TK6XW;
				INFOPLIST_FILE = "MD5 algoritm/Info.plist";
				LD_RUNPATH_SEARCH_PATHS = (
					"$(inherited)",
					"@executable_path/Frameworks",
				);
				PRODUCT_BUNDLE_IDENTIFIER = "mzxzd.MD5-algoritm";
				PRODUCT_NAME = "$(TARGET_NAME)";
				SWIFT_VERSION = 5.0;
				TARGETED_DEVICE_FAMILY = "1,2";
			};
			name = Debug;
		};
		B5308069244F43AC006BF4D8 /* Release */ = {
			isa = XCBuildConfiguration;
			buildSettings = {
				ASSETCATALOG_COMPILER_APPICON_NAME = AppIcon;
				CODE_SIGN_STYLE = Automatic;
				DEVELOPMENT_TEAM = Z29U9TK6XW;
				INFOPLIST_FILE = "MD5 algoritm/Info.plist";
				LD_RUNPATH_SEARCH_PATHS = (
					"$(inherited)",
					"@executable_path/Frameworks",
				);
				PRODUCT_BUNDLE_IDENTIFIER = "mzxzd.MD5-algoritm";
				PRODUCT_NAME = "$(TARGET_NAME)";
				SWIFT_VERSION = 5.0;
				TARGETED_DEVICE_FAMILY = "1,2";
			};
			name = Release;
		};
/* End XCBuildConfiguration section */

/* Begin XCConfigurationList section */
		B530804B244F43AA006BF4D8 /* Build configuration list for PBXProject "MD5 algoritm" */ = {
			isa = XCConfigurationList;
			buildConfigurations = (
				B5308065244F43AC006BF4D8 /* Debug */,
				B5308066244F43AC006BF4D8 /* Release */,
			);
			defaultConfigurationIsVisible = 0;
			defaultConfigurationName = Release;
		};
		B5308067244F43AC006BF4D8 /* Build configuration list for PBXNativeTarget "MD5 algoritm" */ = {
			isa = XCConfigurationList;
			buildConfigurations = (
				B5308068244F43AC006BF4D8 /* Debug */,
				B5308069244F43AC006BF4D8 /* Release */,
			);
			defaultConfigurationIsVisible = 0;
			defaultConfigurationName = Release;
		};
/* End XCConfigurationList section */

/* Begin XCVersionGroup section */
		B530805C244F43AA006BF4D8 /* MD5_algoritm.xcdatamodeld */ = {
			isa = XCVersionGroup;
			children = (
				B530805D244F43AA006BF4D8 /* MD5_algoritm.xcdatamodel */,
			);
			currentVersion = B530805D244F43AA006BF4D8 /* MD5_algoritm.xcdatamodel */;
			path = MD5_algoritm.xcdatamodeld;
			sourceTree = "<group>";
			versionGroupType = wrapper.xcdatamodel;
		};
/* End XCVersionGroup section */
	};
	rootObject = B5308048244F43AA006BF4D8 /* Project object */;
}
